
Microsoft Visual Studio Solution File, Format Version 12.00
# Visual Studio Version 16
VisualStudioVersion = 16.0.29613.14
MinimumVisualStudioVersion = 10.0.40219.1
Project("{E24C65DC-7377-472B-9ABA-BC803B73C61A}") = "BagrutProjectElias", ".", "{8041F2AD-C981-4C7B-A6BE-692542BFBA26}"
	ProjectSection(WebsiteProperties) = preProject
		TargetFrameworkMoniker = ".NETFramework,Version%3Dv4.7.2"
		Debug.AspNetCompiler.VirtualPath = "/localhost_58597"
		Debug.AspNetCompiler.PhysicalPath = "..\BagrutProjectElias\"
		Debug.AspNetCompiler.TargetPath = "PrecompiledWeb\localhost_58597\"
		Debug.AspNetCompiler.Updateable = "true"
		Debug.AspNetCompiler.ForceOverwrite = "true"
		Debug.AspNetCompiler.FixedNames = "false"
		Debug.AspNetCompiler.Debug = "True"
		Release.AspNetCompiler.VirtualPath = "/localhost_58597"
		Release.AspNetCompiler.PhysicalPath = "..\BagrutProjectElias\"
		Release.AspNetCompiler.TargetPath = "PrecompiledWeb\localhost_58597\"
		Release.AspNetCompiler.Updateable = "true"
		Release.AspNetCompiler.ForceOverwrite = "true"
		Release.AspNetCompiler.FixedNames = "false"
		Release.AspNetCompiler.Debug = "False"
		VWDPort = "58597"
		DefaultWebSiteLanguage = "Visual C#"
	EndProjectSection
EndProject
Global
	GlobalSection(SolutionConfigurationPlatforms) = preSolution
		Debug|Any CPU = Debug|Any CPU
	EndGlobalSection
	GlobalSection(ProjectConfigurationPlatforms) = postSolution
		{8041F2AD-C981-4C7B-A6BE-692542BFBA26}.Debug|Any CPU.ActiveCfg = Debug|Any CPU
		{8041F2AD-C981-4C7B-A6BE-692542BFBA26}.Debug|Any CPU.Build.0 = Debug|Any CPU
	EndGlobalSection
	GlobalSection(SolutionProperties) = preSolution
		HideSolutionNode = FALSE
	EndGlobalSection
	GlobalSection(ExtensibilityGlobals) = postSolution
		SolutionGuid = {199BB7E4-DB3F-48A4-ABC3-3A84C8083D75}
	EndGlobalSection
EndGlobal
